// !$*UTF8*$!
{
	archiveVersion = 1;
	classes = {
	};
	objectVersion = 48;
	objects = {

/* Begin PBXBuildFile section */
		2215E2AE2072BDB0003213DA /* ErrorManager.swift in Sources */ = {isa = PBXBuildFile; fileRef = 2215E2AD2072BDB0003213DA /* ErrorManager.swift */; };
		22808342206053E90052921A /* APIWeatherManager.swift in Sources */ = {isa = PBXBuildFile; fileRef = 22808341206053E90052921A /* APIWeatherManager.swift */; };
		D408ECE120508C9000384F5B /* AppDelegate.swift in Sources */ = {isa = PBXBuildFile; fileRef = D408ECE020508C9000384F5B /* AppDelegate.swift */; };
		D408ECE320508C9000384F5B /* ViewController.swift in Sources */ = {isa = PBXBuildFile; fileRef = D408ECE220508C9000384F5B /* ViewController.swift */; };
		D408ECE620508C9000384F5B /* Main.storyboard in Resources */ = {isa = PBXBuildFile; fileRef = D408ECE420508C9000384F5B /* Main.storyboard */; };
		D408ECE820508C9000384F5B /* Assets.xcassets in Resources */ = {isa = PBXBuildFile; fileRef = D408ECE720508C9000384F5B /* Assets.xcassets */; };
		D408ECEB20508C9000384F5B /* LaunchScreen.storyboard in Resources */ = {isa = PBXBuildFile; fileRef = D408ECE920508C9000384F5B /* LaunchScreen.storyboard */; };
		D408ECF32050D54B00384F5B /* CurrentWeather.swift in Sources */ = {isa = PBXBuildFile; fileRef = D408ECF22050D54B00384F5B /* CurrentWeather.swift */; };
		D408ECF52050D5EB00384F5B /* WeatherIconManager.swift in Sources */ = {isa = PBXBuildFile; fileRef = D408ECF42050D5EB00384F5B /* WeatherIconManager.swift */; };
		D46E5A792056186C0093FFF5 /* APIManager.swift in Sources */ = {isa = PBXBuildFile; fileRef = D46E5A782056186C0093FFF5 /* APIManager.swift */; };
/* End PBXBuildFile section */

/* Begin PBXFileReference section */
		2215E2AD2072BDB0003213DA /* ErrorManager.swift */ = {isa = PBXFileReference; lastKnownFileType = sourcecode.swift; path = ErrorManager.swift; sourceTree = "<group>"; };
		22808341206053E90052921A /* APIWeatherManager.swift */ = {isa = PBXFileReference; lastKnownFileType = sourcecode.swift; path = APIWeatherManager.swift; sourceTree = "<group>"; };
		D408ECDD20508C9000384F5B /* WeatherApp.app */ = {isa = PBXFileReference; explicitFileType = wrapper.application; includeInIndex = 0; path = WeatherApp.app; sourceTree = BUILT_PRODUCTS_DIR; };
		D408ECE020508C9000384F5B /* AppDelegate.swift */ = {isa = PBXFileReference; lastKnownFileType = sourcecode.swift; path = AppDelegate.swift; sourceTree = "<group>"; };
		D408ECE220508C9000384F5B /* ViewController.swift */ = {isa = PBXFileReference; lastKnownFileType = sourcecode.swift; path = ViewController.swift; sourceTree = "<group>"; };
		D408ECE520508C9000384F5B /* Base */ = {isa = PBXFileReference; lastKnownFileType = file.storyboard; name = Base; path = Base.lproj/Main.storyboard; sourceTree = "<group>"; };
		D408ECE720508C9000384F5B /* Assets.xcassets */ = {isa = PBXFileReference; lastKnownFileType = folder.assetcatalog; path = Assets.xcassets; sourceTree = "<group>"; };
		D408ECEA20508C9000384F5B /* Base */ = {isa = PBXFileReference; lastKnownFileType = file.storyboard; name = Base; path = Base.lproj/LaunchScreen.storyboard; sourceTree = "<group>"; };
		D408ECEC20508C9000384F5B /* Info.plist */ = {isa = PBXFileReference; lastKnownFileType = text.plist.xml; path = Info.plist; sourceTree = "<group>"; };
		D408ECF22050D54B00384F5B /* CurrentWeather.swift */ = {isa = PBXFileReference; lastKnownFileType = sourcecode.swift; path = CurrentWeather.swift; sourceTree = "<group>"; };
		D408ECF42050D5EB00384F5B /* WeatherIconManager.swift */ = {isa = PBXFileReference; lastKnownFileType = sourcecode.swift; path = WeatherIconManager.swift; sourceTree = "<group>"; };
		D46E5A782056186C0093FFF5 /* APIManager.swift */ = {isa = PBXFileReference; lastKnownFileType = sourcecode.swift; path = APIManager.swift; sourceTree = "<group>"; };
/* End PBXFileReference section */

/* Begin PBXFrameworksBuildPhase section */
		D408ECDA20508C9000384F5B /* Frameworks */ = {
			isa = PBXFrameworksBuildPhase;
			buildActionMask = 2147483647;
			files = (
			);
			runOnlyForDeploymentPostprocessing = 0;
		};
/* End PBXFrameworksBuildPhase section */

/* Begin PBXGroup section */
		22881FD520573F6C0012AF15 /* Weather Model */ = {
			isa = PBXGroup;
			children = (
				D408ECF22050D54B00384F5B /* CurrentWeather.swift */,
				D408ECF42050D5EB00384F5B /* WeatherIconManager.swift */,
			);
			path = "Weather Model";
			sourceTree = "<group>";
		};
		D408ECD420508C9000384F5B = {
			isa = PBXGroup;
			children = (
				D408ECDF20508C9000384F5B /* WeatherApp */,
				D408ECDE20508C9000384F5B /* Products */,
			);
			sourceTree = "<group>";
		};
		D408ECDE20508C9000384F5B /* Products */ = {
			isa = PBXGroup;
			children = (
				D408ECDD20508C9000384F5B /* WeatherApp.app */,
			);
			name = Products;
			sourceTree = "<group>";
		};
		D408ECDF20508C9000384F5B /* WeatherApp */ = {
			isa = PBXGroup;
			children = (
				D408ECE020508C9000384F5B /* AppDelegate.swift */,
				D408ECE220508C9000384F5B /* ViewController.swift */,
				22808341206053E90052921A /* APIWeatherManager.swift */,
				D46E5A782056186C0093FFF5 /* APIManager.swift */,
				22881FD520573F6C0012AF15 /* Weather Model */,
				D408ECE420508C9000384F5B /* Main.storyboard */,
				D408ECE720508C9000384F5B /* Assets.xcassets */,
				D408ECE920508C9000384F5B /* LaunchScreen.storyboard */,
				D408ECEC20508C9000384F5B /* Info.plist */,
				2215E2AD2072BDB0003213DA /* ErrorManager.swift */,
			);
			path = WeatherApp;
			sourceTree = "<group>";
		};
/* End PBXGroup section */

/* Begin PBXNativeTarget section */
		D408ECDC20508C9000384F5B /* WeatherApp */ = {
			isa = PBXNativeTarget;
			buildConfigurationList = D408ECEF20508C9000384F5B /* Build configuration list for PBXNativeTarget "WeatherApp" */;
			buildPhases = (
				D408ECD920508C9000384F5B /* Sources */,
				D408ECDA20508C9000384F5B /* Frameworks */,
				D408ECDB20508C9000384F5B /* Resources */,
			);
			buildRules = (
			);
			dependencies = (
			);
			name = WeatherApp;
			productName = WeatherApp;
			productReference = D408ECDD20508C9000384F5B /* WeatherApp.app */;
			productType = "com.apple.product-type.application";
		};
/* End PBXNativeTarget section */

/* Begin PBXProject section */
		D408ECD520508C9000384F5B /* Project object */ = {
			isa = PBXProject;
			attributes = {
				LastSwiftUpdateCheck = 0920;
				LastUpgradeCheck = 0920;
				ORGANIZATIONNAME = "Aleksey Kabishau";
				TargetAttributes = {
					D408ECDC20508C9000384F5B = {
						CreatedOnToolsVersion = 9.2;
						ProvisioningStyle = Automatic;
					};
				};
			};
			buildConfigurationList = D408ECD820508C9000384F5B /* Build configuration list for PBXProject "WeatherApp" */;
			compatibilityVersion = "Xcode 8.0";
			developmentRegion = en;
			hasScannedForEncodings = 0;
			knownRegions = (
				en,
				Base,
			);
			mainGroup = D408ECD420508C9000384F5B;
			productRefGroup = D408ECDE20508C9000384F5B /* Products */;
			projectDirPath = "";
			projectRoot = "";
			targets = (
				D408ECDC20508C9000384F5B /* WeatherApp */,
			);
		};
/* End PBXProject section */

/* Begin PBXResourcesBuildPhase section */
		D408ECDB20508C9000384F5B /* Resources */ = {
			isa = PBXResourcesBuildPhase;
			buildActionMask = 2147483647;
			files = (
				D408ECEB20508C9000384F5B /* LaunchScreen.storyboard in Resources */,
				D408ECE820508C9000384F5B /* Assets.xcassets in Resources */,
				D408ECE620508C9000384F5B /* Main.storyboard in Resources */,
			);
			runOnlyForDeploymentPostprocessing = 0;
		};
/* End PBXResourcesBuildPhase section */

/* Begin PBXSourcesBuildPhase section */
		D408ECD920508C9000384F5B /* Sources */ = {
			isa = PBXSourcesBuildPhase;
			buildActionMask = 2147483647;
			files = (
				D408ECE320508C9000384F5B /* ViewController.swift in Sources */,
				D408ECF32050D54B00384F5B /* CurrentWeather.swift in Sources */,
				2215E2AE2072BDB0003213DA /* ErrorManager.swift in Sources */,
				D46E5A792056186C0093FFF5 /* APIManager.swift in Sources */,
				22808342206053E90052921A /* APIWeatherManager.swift in Sources */,
				D408ECE120508C9000384F5B /* AppDelegate.swift in Sources */,
				D408ECF52050D5EB00384F5B /* WeatherIconManager.swift in Sources */,
			);
			runOnlyForDeploymentPostprocessing = 0;
		};
/* End PBXSourcesBuildPhase section */

/* Begin PBXVariantGroup section */
		D408ECE420508C9000384F5B /* Main.storyboard */ = {
			isa = PBXVariantGroup;
			children = (
				D408ECE520508C9000384F5B /* Base */,
			);
			name = Main.storyboard;
			sourceTree = "<group>";
		};
		D408ECE920508C9000384F5B /* LaunchScreen.storyboard */ = {
			isa = PBXVariantGroup;
			children = (
				D408ECEA20508C9000384F5B /* Base */,
			);
			name = LaunchScreen.storyboard;
			sourceTree = "<group>";
		};
/* End PBXVariantGroup section */

/* Begin XCBuildConfiguration section */
		D408ECED20508C9000384F5B /* Debug */ = {
			isa = XCBuildConfiguration;
			buildSettings = {
				ALWAYS_SEARCH_USER_PATHS = NO;
				CLANG_ANALYZER_NONNULL = YES;
				CLANG_ANALYZER_NUMBER_OBJECT_CONVERSION = YES_AGGRESSIVE;
				CLANG_CXX_LANGUAGE_STANDARD = "gnu++14";
				CLANG_CXX_LIBRARY = "libc++";
				CLANG_ENABLE_MODULES = YES;
				CLANG_ENABLE_OBJC_ARC = YES;
				CLANG_WARN_BLOCK_CAPTURE_AUTORELEASING = YES;
				CLANG_WARN_BOOL_CONVERSION = YES;
				CLANG_WARN_COMMA = YES;
				CLANG_WARN_CONSTANT_CONVERSION = YES;
				CLANG_WARN_DIRECT_OBJC_ISA_USAGE = YES_ERROR;
				CLANG_WARN_DOCUMENTATION_COMMENTS = YES;
				CLANG_WARN_EMPTY_BODY = YES;
				CLANG_WARN_ENUM_CONVERSION = YES;
				CLANG_WARN_INFINITE_RECURSION = YES;
				CLANG_WARN_INT_CONVERSION = YES;
				CLANG_WARN_NON_LITERAL_NULL_CONVERSION = YES;
				CLANG_WARN_OBJC_LITERAL_CONVERSION = YES;
				CLANG_WARN_OBJC_ROOT_CLASS = YES_ERROR;
				CLANG_WARN_RANGE_LOOP_ANALYSIS = YES;
				CLANG_WARN_STRICT_PROTOTYPES = YES;
				CLANG_WARN_SUSPICIOUS_MOVE = YES;
				CLANG_WARN_UNGUARDED_AVAILABILITY = YES_AGGRESSIVE;
				CLANG_WARN_UNREACHABLE_CODE = YES;
				CLANG_WARN__DUPLICATE_METHOD_MATCH = YES;
				CODE_SIGN_IDENTITY = "iPhone Developer";
				COPY_PHASE_STRIP = NO;
				DEBUG_INFORMATION_FORMAT = dwarf;
				ENABLE_STRICT_OBJC_MSGSEND = YES;
				ENABLE_TESTABILITY = YES;
				GCC_C_LANGUAGE_STANDARD = gnu11;
				GCC_DYNAMIC_NO_PIC = NO;
				GCC_NO_COMMON_BLOCKS = YES;
				GCC_OPTIMIZATION_LEVEL = 0;
				GCC_PREPROCESSOR_DEFINITIONS = (
					"DEBUG=1",
					"$(inherited)",
				);
				GCC_WARN_64_TO_32_BIT_CONVERSION = YES;
				GCC_WARN_ABOUT_RETURN_TYPE = YES_ERROR;
				GCC_WARN_UNDECLARED_SELECTOR = YES;
				GCC_WARN_UNINITIALIZED_AUTOS = YES_AGGRESSIVE;
				GCC_WARN_UNUSED_FUNCTION = YES;
				GCC_WARN_UNUSED_VARIABLE = YES;
				IPHONEOS_DEPLOYMENT_TARGET = 11.2;
				MTL_ENABLE_DEBUG_INFO = YES;
				ONLY_ACTIVE_ARCH = YES;
				SDKROOT = iphoneos;
				SWIFT_ACTIVE_COMPILATION_CONDITIONS = DEBUG;
				SWIFT_OPTIMIZATION_LEVEL = "-Onone";
			};
			name = Debug;
		};
		D408ECEE20508C9000384F5B /* Release */ = {
			isa = XCBuildConfiguration;
			buildSettings = {
				ALWAYS_SEARCH_USER_PATHS = NO;
				CLANG_ANALYZER_NONNULL = YES;
				CLANG_ANALYZER_NUMBER_OBJECT_CONVERSION = YES_AGGRESSIVE;
				CLANG_CXX_LANGUAGE_STANDARD = "gnu++14";
				CLANG_CXX_LIBRARY = "libc++";
				CLANG_ENABLE_MODULES = YES;
				CLANG_ENABLE_OBJC_ARC = YES;
				CLANG_WARN_BLOCK_CAPTURE_AUTORELEASING = YES;
				CLANG_WARN_BOOL_CONVERSION = YES;
				CLANG_WARN_COMMA = YES;
				CLANG_WARN_CONSTANT_CONVERSION = YES;
				CLANG_WARN_DIRECT_OBJC_ISA_USAGE = YES_ERROR;
				CLANG_WARN_DOCUMENTATION_COMMENTS = YES;
				CLANG_WARN_EMPTY_BODY = YES;
				CLANG_WARN_ENUM_CONVERSION = YES;
				CLANG_WARN_INFINITE_RECURSION = YES;
				CLANG_WARN_INT_CONVERSION = YES;
				CLANG_WARN_NON_LITERAL_NULL_CONVERSION = YES;
				CLANG_WARN_OBJC_LITERAL_CONVERSION = YES;
				CLANG_WARN_OBJC_ROOT_CLASS = YES_ERROR;
				CLANG_WARN_RANGE_LOOP_ANALYSIS = YES;
				CLANG_WARN_STRICT_PROTOTYPES = YES;
				CLANG_WARN_SUSPICIOUS_MOVE = YES;
				CLANG_WARN_UNGUARDED_AVAILABILITY = YES_AGGRESSIVE;
				CLANG_WARN_UNREACHABLE_CODE = YES;
				CLANG_WARN__DUPLICATE_METHOD_MATCH = YES;
				CODE_SIGN_IDENTITY = "iPhone Developer";
				COPY_PHASE_STRIP = NO;
				DEBUG_INFORMATION_FORMAT = "dwarf-with-dsym";
				ENABLE_NS_ASSERTIONS = NO;
				ENABLE_STRICT_OBJC_MSGSEND = YES;
				GCC_C_LANGUAGE_STANDARD = gnu11;
				GCC_NO_COMMON_BLOCKS = YES;
				GCC_WARN_64_TO_32_BIT_CONVERSION = YES;
				GCC_WARN_ABOUT_RETURN_TYPE = YES_ERROR;
				GCC_WARN_UNDECLARED_SELECTOR = YES;
				GCC_WARN_UNINITIALIZED_AUTOS = YES_AGGRESSIVE;
				GCC_WARN_UNUSED_FUNCTION = YES;
				GCC_WARN_UNUSED_VARIABLE = YES;
				IPHONEOS_DEPLOYMENT_TARGET = 11.2;
				MTL_ENABLE_DEBUG_INFO = NO;
				SDKROOT = iphoneos;
				SWIFT_OPTIMIZATION_LEVEL = "-Owholemodule";
				VALIDATE_PRODUCT = YES;
			};
			name = Release;
		};
		D408ECF020508C9000384F5B /* Debug */ = {
			isa = XCBuildConfiguration;
			buildSettings = {
				ASSETCATALOG_COMPILER_APPICON_NAME = AppIcon;
				CODE_SIGN_STYLE = Automatic;
				DEVELOPMENT_TEAM = 7L32597M73;
				INFOPLIST_FILE = WeatherApp/Info.plist;
				LD_RUNPATH_SEARCH_PATHS = "$(inherited) @executable_path/Frameworks";
				PRODUCT_BUNDLE_IDENTIFIER = com.dreamline.WeatherApp;
				PRODUCT_NAME = "$(TARGET_NAME)";
				SWIFT_VERSION = 4.0;
				TARGETED_DEVICE_FAMILY = "1,2";
			};
			name = Debug;
		};
		D408ECF120508C9000384F5B /* Release */ = {
			isa = XCBuildConfiguration;
			buildSettings = {
				ASSETCATALOG_COMPILER_APPICON_NAME = AppIcon;
				CODE_SIGN_STYLE = Automatic;
				DEVELOPMENT_TEAM = 7L32597M73;
				INFOPLIST_FILE = WeatherApp/Info.plist;
				LD_RUNPATH_SEARCH_PATHS = "$(inherited) @executable_path/Frameworks";
				PRODUCT_BUNDLE_IDENTIFIER = com.dreamline.WeatherApp;
				PRODUCT_NAME = "$(TARGET_NAME)";
				SWIFT_VERSION = 4.0;
				TARGETED_DEVICE_FAMILY = "1,2";
			};
			name = Release;
		};
/* End XCBuildConfiguration section */

/* Begin XCConfigurationList section */
		D408ECD820508C9000384F5B /* Build configuration list for PBXProject "WeatherApp" */ = {
			isa = XCConfigurationList;
			buildConfigurations = (
				D408ECED20508C9000384F5B /* Debug */,
				D408ECEE20508C9000384F5B /* Release */,
			);
			defaultConfigurationIsVisible = 0;
			defaultConfigurationName = Release;
		};
		D408ECEF20508C9000384F5B /* Build configuration list for PBXNativeTarget "WeatherApp" */ = {
			isa = XCConfigurationList;
			buildConfigurations = (
				D408ECF020508C9000384F5B /* Debug */,
				D408ECF120508C9000384F5B /* Release */,
			);
			defaultConfigurationIsVisible = 0;
			defaultConfigurationName = Release;
		};
/* End XCConfigurationList section */
	};
	rootObject = D408ECD520508C9000384F5B /* Project object */;
}
